
Microsoft Visual Studio Solution File, Format Version 12.00
# Visual Studio Version 17
VisualStudioVersion = 17.11.35312.102
MinimumVisualStudioVersion = 10.0.40219.1
Project("{FAE04EC0-301F-11D3-BF4B-00C04F79EFBC}") = "BulkyWeb", "BulkyWeb\BulkyWeb.csproj", "{FCC1732C-6429-4912-B3AD-F475F22C2298}"
EndProject
Global
	GlobalSection(SolutionConfigurationPlatforms) = preSolution
		Debug|Any CPU = Debug|Any CPU
		Release|Any CPU = Release|Any CPU
	EndGlobalSection
	GlobalSection(ProjectConfigurationPlatforms) = postSolution
		{FCC1732C-6429-4912-B3AD-F475F22C2298}.Debug|Any CPU.ActiveCfg = Debug|Any CPU
		{FCC1732C-6429-4912-B3AD-F475F22C2298}.Debug|Any CPU.Build.0 = Debug|Any CPU
		{FCC1732C-6429-4912-B3AD-F475F22C2298}.Release|Any CPU.ActiveCfg = Release|Any CPU
		{FCC1732C-6429-4912-B3AD-F475F22C2298}.Release|Any CPU.Build.0 = Release|Any CPU
	EndGlobalSection
	GlobalSection(SolutionProperties) = preSolution
		HideSolutionNode = FALSE
	EndGlobalSection
	GlobalSection(ExtensibilityGlobals) = postSolution
		SolutionGuid = {E38D1770-549D-4621-A6C1-AED426520C9E}
	EndGlobalSection
EndGlobal
